
Microsoft Visual Studio Solution File, Format Version 12.00
# Visual Studio 15
Project("{FAE04EC0-301F-11D3-BF4B-00C04F79EFBC}") = "Assembly-CSharp", "Assembly-CSharp.csproj", "{CF0C9DE0-45FC-8528-1FA6-0176A997AEAD}"
EndProject
Global
	GlobalSection(SolutionConfigurationPlatforms) = preSolution
		Debug|Any CPU = Debug|Any CPU
		Release|Any CPU = Release|Any CPU
	EndGlobalSection
	GlobalSection(ProjectConfigurationPlatforms) = postSolution
		{CF0C9DE0-45FC-8528-1FA6-0176A997AEAD}.Debug|Any CPU.ActiveCfg = Debug|Any CPU
		{CF0C9DE0-45FC-8528-1FA6-0176A997AEAD}.Debug|Any CPU.Build.0 = Debug|Any CPU
		{CF0C9DE0-45FC-8528-1FA6-0176A997AEAD}.Release|Any CPU.ActiveCfg = Release|Any CPU
		{CF0C9DE0-45FC-8528-1FA6-0176A997AEAD}.Release|Any CPU.Build.0 = Release|Any CPU
	EndGlobalSection
	GlobalSection(SolutionProperties) = preSolution
		HideSolutionNode = FALSE
	EndGlobalSection
EndGlobal
