
Microsoft Visual Studio Solution File, Format Version 12.00
# Visual Studio 15
Project("{FAE04EC0-301F-11D3-BF4B-00C04F79EFBC}") = "Assembly-CSharp", "Assembly-CSharp.csproj", "{7DEA8FA1-9364-E382-D679-1C8D5136A8D9}"
EndProject
Project("{FAE04EC0-301F-11D3-BF4B-00C04F79EFBC}") = "VRM", "VRM.csproj", "{E88975CA-AADE-B383-7F63-3482774FDE30}"
EndProject
Project("{FAE04EC0-301F-11D3-BF4B-00C04F79EFBC}") = "UniJSON", "UniJSON.csproj", "{825C010B-6A8C-DA5C-16F2-8E0726B0789D}"
EndProject
Project("{FAE04EC0-301F-11D3-BF4B-00C04F79EFBC}") = "DepthFirstScheduler", "DepthFirstScheduler.csproj", "{E4DDCC79-7914-0D79-64E5-0B71DBD2688E}"
EndProject
Project("{FAE04EC0-301F-11D3-BF4B-00C04F79EFBC}") = "MToon", "MToon.csproj", "{0FF66F3B-E9C8-5B79-EB71-6D1E35A9D95B}"
EndProject
Project("{FAE04EC0-301F-11D3-BF4B-00C04F79EFBC}") = "MeshUtility", "MeshUtility.csproj", "{4B229799-DF5D-4854-C2A8-2CBF990EF412}"
EndProject
Project("{FAE04EC0-301F-11D3-BF4B-00C04F79EFBC}") = "UniHumanoid", "UniHumanoid.csproj", "{4E35265D-1CD2-5ECD-3DB5-23095DB4873D}"
EndProject
Project("{FAE04EC0-301F-11D3-BF4B-00C04F79EFBC}") = "ShaderProperty.Runtime", "ShaderProperty.Runtime.csproj", "{E6D754D3-C225-51BA-900D-1F0AAACC463E}"
EndProject
Project("{FAE04EC0-301F-11D3-BF4B-00C04F79EFBC}") = "UniUnlit", "UniUnlit.csproj", "{3FFC7F00-0AE3-7089-4D40-90F54E41E6DE}"
EndProject
Project("{FAE04EC0-301F-11D3-BF4B-00C04F79EFBC}") = "Assembly-CSharp-Editor", "Assembly-CSharp-Editor.csproj", "{8E467469-7256-22D4-EA20-770E34536652}"
EndProject
Project("{FAE04EC0-301F-11D3-BF4B-00C04F79EFBC}") = "UniJSON.Editor.Tests", "UniJSON.Editor.Tests.csproj", "{6F0C05C6-39EE-4D5C-AD99-DCC9706BF32E}"
EndProject
Project("{FAE04EC0-301F-11D3-BF4B-00C04F79EFBC}") = "UniVRM.Editor", "UniVRM.Editor.csproj", "{34D5F2A5-549B-5EF7-60A4-98127C361816}"
EndProject
Project("{FAE04EC0-301F-11D3-BF4B-00C04F79EFBC}") = "MeshUtility.Editor", "MeshUtility.Editor.csproj", "{B53E75EF-2D6E-85C6-F2D9-B30927E20A40}"
EndProject
Project("{FAE04EC0-301F-11D3-BF4B-00C04F79EFBC}") = "UniHumanoid.Editor", "UniHumanoid.Editor.csproj", "{76349565-E2E8-36AB-A97B-EF5C943BF4F1}"
EndProject
Project("{FAE04EC0-301F-11D3-BF4B-00C04F79EFBC}") = "UniGLTF.Editor.Tests", "UniGLTF.Editor.Tests.csproj", "{C2337EE9-FB4F-4D83-6115-C756DAC0D03A}"
EndProject
Project("{FAE04EC0-301F-11D3-BF4B-00C04F79EFBC}") = "UniGLTF.Editor", "UniGLTF.Editor.csproj", "{6800BAFE-0B68-8552-EBBF-491A397F08FB}"
EndProject
Project("{FAE04EC0-301F-11D3-BF4B-00C04F79EFBC}") = "UniVRM.Editor.Tests", "UniVRM.Editor.Tests.csproj", "{A8177CC2-3903-7B64-0BF2-542C619AB011}"
EndProject
Project("{FAE04EC0-301F-11D3-BF4B-00C04F79EFBC}") = "UniUnlit.Editor", "UniUnlit.Editor.csproj", "{B54FA4A2-7D7C-C47E-B176-C1B2BA86E8ED}"
EndProject
Project("{FAE04EC0-301F-11D3-BF4B-00C04F79EFBC}") = "ShaderProperty.Editor", "ShaderProperty.Editor.csproj", "{DEA6D80A-0580-23F4-6757-CA61F195750E}"
EndProject
Project("{FAE04EC0-301F-11D3-BF4B-00C04F79EFBC}") = "MToon.Editor", "MToon.Editor.csproj", "{7FC53B6A-C280-6B58-1DA8-EA7318CFC75A}"
EndProject
Project("{FAE04EC0-301F-11D3-BF4B-00C04F79EFBC}") = "DepthFirstScheduler.Editor.Tests", "DepthFirstScheduler.Editor.Tests.csproj", "{6784E5AC-C4BE-E787-0C55-5C20B09C3D42}"
EndProject
Project("{FAE04EC0-301F-11D3-BF4B-00C04F79EFBC}") = "UniHumanoid.Editor.Tests", "UniHumanoid.Editor.Tests.csproj", "{BD3D4567-85C4-DE73-D709-8DFB6DF623B8}"
EndProject
Global
	GlobalSection(SolutionConfigurationPlatforms) = preSolution
		Debug|Any CPU = Debug|Any CPU
		Release|Any CPU = Release|Any CPU
	EndGlobalSection
	GlobalSection(ProjectConfigurationPlatforms) = postSolution
		{7DEA8FA1-9364-E382-D679-1C8D5136A8D9}.Debug|Any CPU.ActiveCfg = Debug|Any CPU
		{7DEA8FA1-9364-E382-D679-1C8D5136A8D9}.Debug|Any CPU.Build.0 = Debug|Any CPU
		{7DEA8FA1-9364-E382-D679-1C8D5136A8D9}.Release|Any CPU.ActiveCfg = Release|Any CPU
		{7DEA8FA1-9364-E382-D679-1C8D5136A8D9}.Release|Any CPU.Build.0 = Release|Any CPU
		{E88975CA-AADE-B383-7F63-3482774FDE30}.Debug|Any CPU.ActiveCfg = Debug|Any CPU
		{E88975CA-AADE-B383-7F63-3482774FDE30}.Debug|Any CPU.Build.0 = Debug|Any CPU
		{E88975CA-AADE-B383-7F63-3482774FDE30}.Release|Any CPU.ActiveCfg = Release|Any CPU
		{E88975CA-AADE-B383-7F63-3482774FDE30}.Release|Any CPU.Build.0 = Release|Any CPU
		{825C010B-6A8C-DA5C-16F2-8E0726B0789D}.Debug|Any CPU.ActiveCfg = Debug|Any CPU
		{825C010B-6A8C-DA5C-16F2-8E0726B0789D}.Debug|Any CPU.Build.0 = Debug|Any CPU
		{825C010B-6A8C-DA5C-16F2-8E0726B0789D}.Release|Any CPU.ActiveCfg = Release|Any CPU
		{825C010B-6A8C-DA5C-16F2-8E0726B0789D}.Release|Any CPU.Build.0 = Release|Any CPU
		{E4DDCC79-7914-0D79-64E5-0B71DBD2688E}.Debug|Any CPU.ActiveCfg = Debug|Any CPU
		{E4DDCC79-7914-0D79-64E5-0B71DBD2688E}.Debug|Any CPU.Build.0 = Debug|Any CPU
		{E4DDCC79-7914-0D79-64E5-0B71DBD2688E}.Release|Any CPU.ActiveCfg = Release|Any CPU
		{E4DDCC79-7914-0D79-64E5-0B71DBD2688E}.Release|Any CPU.Build.0 = Release|Any CPU
		{0FF66F3B-E9C8-5B79-EB71-6D1E35A9D95B}.Debug|Any CPU.ActiveCfg = Debug|Any CPU
		{0FF66F3B-E9C8-5B79-EB71-6D1E35A9D95B}.Debug|Any CPU.Build.0 = Debug|Any CPU
		{0FF66F3B-E9C8-5B79-EB71-6D1E35A9D95B}.Release|Any CPU.ActiveCfg = Release|Any CPU
		{0FF66F3B-E9C8-5B79-EB71-6D1E35A9D95B}.Release|Any CPU.Build.0 = Release|Any CPU
		{4B229799-DF5D-4854-C2A8-2CBF990EF412}.Debug|Any CPU.ActiveCfg = Debug|Any CPU
		{4B229799-DF5D-4854-C2A8-2CBF990EF412}.Debug|Any CPU.Build.0 = Debug|Any CPU
		{4B229799-DF5D-4854-C2A8-2CBF990EF412}.Release|Any CPU.ActiveCfg = Release|Any CPU
		{4B229799-DF5D-4854-C2A8-2CBF990EF412}.Release|Any CPU.Build.0 = Release|Any CPU
		{4E35265D-1CD2-5ECD-3DB5-23095DB4873D}.Debug|Any CPU.ActiveCfg = Debug|Any CPU
		{4E35265D-1CD2-5ECD-3DB5-23095DB4873D}.Debug|Any CPU.Build.0 = Debug|Any CPU
		{4E35265D-1CD2-5ECD-3DB5-23095DB4873D}.Release|Any CPU.ActiveCfg = Release|Any CPU
		{4E35265D-1CD2-5ECD-3DB5-23095DB4873D}.Release|Any CPU.Build.0 = Release|Any CPU
		{E6D754D3-C225-51BA-900D-1F0AAACC463E}.Debug|Any CPU.ActiveCfg = Debug|Any CPU
		{E6D754D3-C225-51BA-900D-1F0AAACC463E}.Debug|Any CPU.Build.0 = Debug|Any CPU
		{E6D754D3-C225-51BA-900D-1F0AAACC463E}.Release|Any CPU.ActiveCfg = Release|Any CPU
		{E6D754D3-C225-51BA-900D-1F0AAACC463E}.Release|Any CPU.Build.0 = Release|Any CPU
		{3FFC7F00-0AE3-7089-4D40-90F54E41E6DE}.Debug|Any CPU.ActiveCfg = Debug|Any CPU
		{3FFC7F00-0AE3-7089-4D40-90F54E41E6DE}.Debug|Any CPU.Build.0 = Debug|Any CPU
		{3FFC7F00-0AE3-7089-4D40-90F54E41E6DE}.Release|Any CPU.ActiveCfg = Release|Any CPU
		{3FFC7F00-0AE3-7089-4D40-90F54E41E6DE}.Release|Any CPU.Build.0 = Release|Any CPU
		{8E467469-7256-22D4-EA20-770E34536652}.Debug|Any CPU.ActiveCfg = Debug|Any CPU
		{8E467469-7256-22D4-EA20-770E34536652}.Debug|Any CPU.Build.0 = Debug|Any CPU
		{8E467469-7256-22D4-EA20-770E34536652}.Release|Any CPU.ActiveCfg = Release|Any CPU
		{8E467469-7256-22D4-EA20-770E34536652}.Release|Any CPU.Build.0 = Release|Any CPU
		{6F0C05C6-39EE-4D5C-AD99-DCC9706BF32E}.Debug|Any CPU.ActiveCfg = Debug|Any CPU
		{6F0C05C6-39EE-4D5C-AD99-DCC9706BF32E}.Debug|Any CPU.Build.0 = Debug|Any CPU
		{6F0C05C6-39EE-4D5C-AD99-DCC9706BF32E}.Release|Any CPU.ActiveCfg = Release|Any CPU
		{6F0C05C6-39EE-4D5C-AD99-DCC9706BF32E}.Release|Any CPU.Build.0 = Release|Any CPU
		{34D5F2A5-549B-5EF7-60A4-98127C361816}.Debug|Any CPU.ActiveCfg = Debug|Any CPU
		{34D5F2A5-549B-5EF7-60A4-98127C361816}.Debug|Any CPU.Build.0 = Debug|Any CPU
		{34D5F2A5-549B-5EF7-60A4-98127C361816}.Release|Any CPU.ActiveCfg = Release|Any CPU
		{34D5F2A5-549B-5EF7-60A4-98127C361816}.Release|Any CPU.Build.0 = Release|Any CPU
		{B53E75EF-2D6E-85C6-F2D9-B30927E20A40}.Debug|Any CPU.ActiveCfg = Debug|Any CPU
		{B53E75EF-2D6E-85C6-F2D9-B30927E20A40}.Debug|Any CPU.Build.0 = Debug|Any CPU
		{B53E75EF-2D6E-85C6-F2D9-B30927E20A40}.Release|Any CPU.ActiveCfg = Release|Any CPU
		{B53E75EF-2D6E-85C6-F2D9-B30927E20A40}.Release|Any CPU.Build.0 = Release|Any CPU
		{76349565-E2E8-36AB-A97B-EF5C943BF4F1}.Debug|Any CPU.ActiveCfg = Debug|Any CPU
		{76349565-E2E8-36AB-A97B-EF5C943BF4F1}.Debug|Any CPU.Build.0 = Debug|Any CPU
		{76349565-E2E8-36AB-A97B-EF5C943BF4F1}.Release|Any CPU.ActiveCfg = Release|Any CPU
		{76349565-E2E8-36AB-A97B-EF5C943BF4F1}.Release|Any CPU.Build.0 = Release|Any CPU
		{C2337EE9-FB4F-4D83-6115-C756DAC0D03A}.Debug|Any CPU.ActiveCfg = Debug|Any CPU
		{C2337EE9-FB4F-4D83-6115-C756DAC0D03A}.Debug|Any CPU.Build.0 = Debug|Any CPU
		{C2337EE9-FB4F-4D83-6115-C756DAC0D03A}.Release|Any CPU.ActiveCfg = Release|Any CPU
		{C2337EE9-FB4F-4D83-6115-C756DAC0D03A}.Release|Any CPU.Build.0 = Release|Any CPU
		{6800BAFE-0B68-8552-EBBF-491A397F08FB}.Debug|Any CPU.ActiveCfg = Debug|Any CPU
		{6800BAFE-0B68-8552-EBBF-491A397F08FB}.Debug|Any CPU.Build.0 = Debug|Any CPU
		{6800BAFE-0B68-8552-EBBF-491A397F08FB}.Release|Any CPU.ActiveCfg = Release|Any CPU
		{6800BAFE-0B68-8552-EBBF-491A397F08FB}.Release|Any CPU.Build.0 = Release|Any CPU
		{A8177CC2-3903-7B64-0BF2-542C619AB011}.Debug|Any CPU.ActiveCfg = Debug|Any CPU
		{A8177CC2-3903-7B64-0BF2-542C619AB011}.Debug|Any CPU.Build.0 = Debug|Any CPU
		{A8177CC2-3903-7B64-0BF2-542C619AB011}.Release|Any CPU.ActiveCfg = Release|Any CPU
		{A8177CC2-3903-7B64-0BF2-542C619AB011}.Release|Any CPU.Build.0 = Release|Any CPU
		{B54FA4A2-7D7C-C47E-B176-C1B2BA86E8ED}.Debug|Any CPU.ActiveCfg = Debug|Any CPU
		{B54FA4A2-7D7C-C47E-B176-C1B2BA86E8ED}.Debug|Any CPU.Build.0 = Debug|Any CPU
		{B54FA4A2-7D7C-C47E-B176-C1B2BA86E8ED}.Release|Any CPU.ActiveCfg = Release|Any CPU
		{B54FA4A2-7D7C-C47E-B176-C1B2BA86E8ED}.Release|Any CPU.Build.0 = Release|Any CPU
		{DEA6D80A-0580-23F4-6757-CA61F195750E}.Debug|Any CPU.ActiveCfg = Debug|Any CPU
		{DEA6D80A-0580-23F4-6757-CA61F195750E}.Debug|Any CPU.Build.0 = Debug|Any CPU
		{DEA6D80A-0580-23F4-6757-CA61F195750E}.Release|Any CPU.ActiveCfg = Release|Any CPU
		{DEA6D80A-0580-23F4-6757-CA61F195750E}.Release|Any CPU.Build.0 = Release|Any CPU
		{7FC53B6A-C280-6B58-1DA8-EA7318CFC75A}.Debug|Any CPU.ActiveCfg = Debug|Any CPU
		{7FC53B6A-C280-6B58-1DA8-EA7318CFC75A}.Debug|Any CPU.Build.0 = Debug|Any CPU
		{7FC53B6A-C280-6B58-1DA8-EA7318CFC75A}.Release|Any CPU.ActiveCfg = Release|Any CPU
		{7FC53B6A-C280-6B58-1DA8-EA7318CFC75A}.Release|Any CPU.Build.0 = Release|Any CPU
		{6784E5AC-C4BE-E787-0C55-5C20B09C3D42}.Debug|Any CPU.ActiveCfg = Debug|Any CPU
		{6784E5AC-C4BE-E787-0C55-5C20B09C3D42}.Debug|Any CPU.Build.0 = Debug|Any CPU
		{6784E5AC-C4BE-E787-0C55-5C20B09C3D42}.Release|Any CPU.ActiveCfg = Release|Any CPU
		{6784E5AC-C4BE-E787-0C55-5C20B09C3D42}.Release|Any CPU.Build.0 = Release|Any CPU
		{BD3D4567-85C4-DE73-D709-8DFB6DF623B8}.Debug|Any CPU.ActiveCfg = Debug|Any CPU
		{BD3D4567-85C4-DE73-D709-8DFB6DF623B8}.Debug|Any CPU.Build.0 = Debug|Any CPU
		{BD3D4567-85C4-DE73-D709-8DFB6DF623B8}.Release|Any CPU.ActiveCfg = Release|Any CPU
		{BD3D4567-85C4-DE73-D709-8DFB6DF623B8}.Release|Any CPU.Build.0 = Release|Any CPU
	EndGlobalSection
	GlobalSection(SolutionProperties) = preSolution
		HideSolutionNode = FALSE
	EndGlobalSection
EndGlobal
