
Microsoft Visual Studio Solution File, Format Version 12.00
# Visual Studio 15
Project("{FAE04EC0-301F-11D3-BF4B-00C04F79EFBC}") = "Assembly-CSharp", "Assembly-CSharp.csproj", "{43D2A57C-6B77-F873-FAB8-032BB4DBA610}"
EndProject
Project("{FAE04EC0-301F-11D3-BF4B-00C04F79EFBC}") = "PhotonUnityNetworking.Demos", "PhotonUnityNetworking.Demos.csproj", "{FE84C5AC-0278-E33B-FCAC-9E5CBB96729C}"
EndProject
Project("{FAE04EC0-301F-11D3-BF4B-00C04F79EFBC}") = "PhotonUnityNetworking.Utilities", "PhotonUnityNetworking.Utilities.csproj", "{62F1418F-3242-3C26-94D9-C5C20344AC3C}"
EndProject
Project("{FAE04EC0-301F-11D3-BF4B-00C04F79EFBC}") = "VRM", "VRM.csproj", "{DCFE2296-DB9F-35C1-316C-E0DC820B7443}"
EndProject
Project("{FAE04EC0-301F-11D3-BF4B-00C04F79EFBC}") = "UniJSON", "UniJSON.csproj", "{A0114961-22EE-7C5A-1D1C-9C3CA20812AA}"
EndProject
Project("{FAE04EC0-301F-11D3-BF4B-00C04F79EFBC}") = "Oculus.VR", "Oculus.VR.csproj", "{227942EE-1B15-1E05-691F-9E0B0EEC91E9}"
EndProject
Project("{FAE04EC0-301F-11D3-BF4B-00C04F79EFBC}") = "BitpackersASMDEF", "BitpackersASMDEF.csproj", "{D8E42E10-2E2A-7965-1759-13C2AC8D5303}"
EndProject
Project("{FAE04EC0-301F-11D3-BF4B-00C04F79EFBC}") = "DepthFirstScheduler", "DepthFirstScheduler.csproj", "{EC4FBC51-D4E5-7677-065E-C7BB01249258}"
EndProject
Project("{FAE04EC0-301F-11D3-BF4B-00C04F79EFBC}") = "EmoCompressUtilsASMDEF", "EmoCompressUtilsASMDEF.csproj", "{9E91D6E9-169C-D2C2-D771-0CF8AB7D0F13}"
EndProject
Project("{FAE04EC0-301F-11D3-BF4B-00C04F79EFBC}") = "Oculus.Platform", "Oculus.Platform.csproj", "{1F16038C-5070-FADD-82F2-377615A6047D}"
EndProject
Project("{FAE04EC0-301F-11D3-BF4B-00C04F79EFBC}") = "PhotonChat", "PhotonChat.csproj", "{65223B5A-9D64-A675-BAFC-26F2C85E92EC}"
EndProject
Project("{FAE04EC0-301F-11D3-BF4B-00C04F79EFBC}") = "MToon", "MToon.csproj", "{1AF21CFF-6569-DA13-41C4-D57322A43038}"
EndProject
Project("{FAE04EC0-301F-11D3-BF4B-00C04F79EFBC}") = "MeshUtility", "MeshUtility.csproj", "{4A44DA64-4062-00D6-6939-EBDF968E2962}"
EndProject
Project("{FAE04EC0-301F-11D3-BF4B-00C04F79EFBC}") = "UniHumanoid", "UniHumanoid.csproj", "{15AD5E2A-A3BD-B7DC-3EFE-D4771B12804D}"
EndProject
Project("{FAE04EC0-301F-11D3-BF4B-00C04F79EFBC}") = "PhotonUnityNetworking", "PhotonUnityNetworking.csproj", "{F0995072-E01D-E7B2-F5DF-DB7071A64C4F}"
EndProject
Project("{FAE04EC0-301F-11D3-BF4B-00C04F79EFBC}") = "PhotonRealtime", "PhotonRealtime.csproj", "{4DF523F1-C702-75AF-FF6A-6C1D782BC444}"
EndProject
Project("{FAE04EC0-301F-11D3-BF4B-00C04F79EFBC}") = "ShaderProperty.Runtime", "ShaderProperty.Runtime.csproj", "{DFDA036A-E5A1-3415-4BDE-4B720E22A0B8}"
EndProject
Project("{FAE04EC0-301F-11D3-BF4B-00C04F79EFBC}") = "HalfFloatASMDEF", "HalfFloatASMDEF.csproj", "{D0D38358-027A-B430-84A4-C9C529B9AF64}"
EndProject
Project("{FAE04EC0-301F-11D3-BF4B-00C04F79EFBC}") = "UniUnlit", "UniUnlit.csproj", "{913FF94C-48F5-43F0-7557-5FB1E0C56A04}"
EndProject
Project("{FAE04EC0-301F-11D3-BF4B-00C04F79EFBC}") = "UniJSON.Editor.Tests", "UniJSON.Editor.Tests.csproj", "{8B6C2A71-5907-F48A-E092-3F01A41B3236}"
EndProject
Project("{FAE04EC0-301F-11D3-BF4B-00C04F79EFBC}") = "UniVRM.Editor", "UniVRM.Editor.csproj", "{6936EB11-1DAE-4F5E-9AB9-ACD812A797EC}"
EndProject
Project("{FAE04EC0-301F-11D3-BF4B-00C04F79EFBC}") = "Assembly-CSharp-Editor", "Assembly-CSharp-Editor.csproj", "{E0560FA3-E11D-2E28-0EAA-56F13EE6A6A6}"
EndProject
Project("{FAE04EC0-301F-11D3-BF4B-00C04F79EFBC}") = "MeshUtility.Editor", "MeshUtility.Editor.csproj", "{D727FE20-A34C-378F-7034-6CECF4D143D5}"
EndProject
Project("{FAE04EC0-301F-11D3-BF4B-00C04F79EFBC}") = "Oculus.VR.Scripts.Editor", "Oculus.VR.Scripts.Editor.csproj", "{CD35C987-58F3-F4BA-FA35-6ED1E1A57207}"
EndProject
Project("{FAE04EC0-301F-11D3-BF4B-00C04F79EFBC}") = "Oculus.VR.Editor", "Oculus.VR.Editor.csproj", "{C65BF302-245D-20E1-0A55-C4CC3E82EAB7}"
EndProject
Project("{FAE04EC0-301F-11D3-BF4B-00C04F79EFBC}") = "UniHumanoid.Editor", "UniHumanoid.Editor.csproj", "{28635C5C-B0C0-1F81-A8AA-116612854ACD}"
EndProject
Project("{FAE04EC0-301F-11D3-BF4B-00C04F79EFBC}") = "UniGLTF.Editor.Tests", "UniGLTF.Editor.Tests.csproj", "{8A9779E8-3D07-D7C4-03DE-1EFC794D2B0C}"
EndProject
Project("{FAE04EC0-301F-11D3-BF4B-00C04F79EFBC}") = "PhotonUnityNetworking.Editor", "PhotonUnityNetworking.Editor.csproj", "{A09483AA-1C9C-CA15-B64E-FCEA6AE28137}"
EndProject
Project("{FAE04EC0-301F-11D3-BF4B-00C04F79EFBC}") = "Oculus.Platform.Editor", "Oculus.Platform.Editor.csproj", "{CE0610AD-4E15-41AE-296E-A8109697611C}"
EndProject
Project("{FAE04EC0-301F-11D3-BF4B-00C04F79EFBC}") = "UniGLTF.Editor", "UniGLTF.Editor.csproj", "{2BB3123E-D0DE-D572-2982-76BB94ED60D4}"
EndProject
Project("{FAE04EC0-301F-11D3-BF4B-00C04F79EFBC}") = "PunDemos.DemoHubEditor", "PunDemos.DemoHubEditor.csproj", "{2F60993D-D2CF-BD34-80A1-E19908D5DADF}"
EndProject
Project("{FAE04EC0-301F-11D3-BF4B-00C04F79EFBC}") = "UniVRM.Editor.Tests", "UniVRM.Editor.Tests.csproj", "{6DCDA481-6075-C758-619C-926B85959FBD}"
EndProject
Project("{FAE04EC0-301F-11D3-BF4B-00C04F79EFBC}") = "PhotonUnityNetworking.Utilities.PhotonPlayer.Editor", "PhotonUnityNetworking.Utilities.PhotonPlayer.Editor.csproj", "{E178F720-E002-9828-E98A-68BFC6F0DED2}"
EndProject
Project("{FAE04EC0-301F-11D3-BF4B-00C04F79EFBC}") = "UniUnlit.Editor", "UniUnlit.Editor.csproj", "{2CBA7928-1AD0-6300-2F8F-5C820F862F1E}"
EndProject
Project("{FAE04EC0-301F-11D3-BF4B-00C04F79EFBC}") = "PhotonUnityNetworking.Utilities.Culling.Editor", "PhotonUnityNetworking.Utilities.Culling.Editor.csproj", "{A174ED0E-861E-7CCC-207E-CE05272BA17D}"
EndProject
Project("{FAE04EC0-301F-11D3-BF4B-00C04F79EFBC}") = "PunDemos.DemoSlotcarEditor", "PunDemos.DemoSlotcarEditor.csproj", "{796A7CAE-92EF-107F-8878-7EC11419C17B}"
EndProject
Project("{FAE04EC0-301F-11D3-BF4B-00C04F79EFBC}") = "ShaderProperty.Editor", "ShaderProperty.Editor.csproj", "{DB4278EA-241C-64FE-47F9-EFE250BF0C0D}"
EndProject
Project("{FAE04EC0-301F-11D3-BF4B-00C04F79EFBC}") = "MToon.Editor", "MToon.Editor.csproj", "{34E9A11B-56ED-5161-11AE-7661858E1E45}"
EndProject
Project("{FAE04EC0-301F-11D3-BF4B-00C04F79EFBC}") = "DepthFirstScheduler.Editor.Tests", "DepthFirstScheduler.Editor.Tests.csproj", "{0308D1D3-4F71-87D6-1E75-CA0220FB22DC}"
EndProject
Project("{FAE04EC0-301F-11D3-BF4B-00C04F79EFBC}") = "UniHumanoid.Editor.Tests", "UniHumanoid.Editor.Tests.csproj", "{D7C98BBC-A7F2-20CE-B241-4A420AA6F7C3}"
EndProject
Global
	GlobalSection(SolutionConfigurationPlatforms) = preSolution
		Debug|Any CPU = Debug|Any CPU
		Release|Any CPU = Release|Any CPU
	EndGlobalSection
	GlobalSection(ProjectConfigurationPlatforms) = postSolution
		{43D2A57C-6B77-F873-FAB8-032BB4DBA610}.Debug|Any CPU.ActiveCfg = Debug|Any CPU
		{43D2A57C-6B77-F873-FAB8-032BB4DBA610}.Debug|Any CPU.Build.0 = Debug|Any CPU
		{43D2A57C-6B77-F873-FAB8-032BB4DBA610}.Release|Any CPU.ActiveCfg = Release|Any CPU
		{43D2A57C-6B77-F873-FAB8-032BB4DBA610}.Release|Any CPU.Build.0 = Release|Any CPU
		{FE84C5AC-0278-E33B-FCAC-9E5CBB96729C}.Debug|Any CPU.ActiveCfg = Debug|Any CPU
		{FE84C5AC-0278-E33B-FCAC-9E5CBB96729C}.Debug|Any CPU.Build.0 = Debug|Any CPU
		{FE84C5AC-0278-E33B-FCAC-9E5CBB96729C}.Release|Any CPU.ActiveCfg = Release|Any CPU
		{FE84C5AC-0278-E33B-FCAC-9E5CBB96729C}.Release|Any CPU.Build.0 = Release|Any CPU
		{62F1418F-3242-3C26-94D9-C5C20344AC3C}.Debug|Any CPU.ActiveCfg = Debug|Any CPU
		{62F1418F-3242-3C26-94D9-C5C20344AC3C}.Debug|Any CPU.Build.0 = Debug|Any CPU
		{62F1418F-3242-3C26-94D9-C5C20344AC3C}.Release|Any CPU.ActiveCfg = Release|Any CPU
		{62F1418F-3242-3C26-94D9-C5C20344AC3C}.Release|Any CPU.Build.0 = Release|Any CPU
		{DCFE2296-DB9F-35C1-316C-E0DC820B7443}.Debug|Any CPU.ActiveCfg = Debug|Any CPU
		{DCFE2296-DB9F-35C1-316C-E0DC820B7443}.Debug|Any CPU.Build.0 = Debug|Any CPU
		{DCFE2296-DB9F-35C1-316C-E0DC820B7443}.Release|Any CPU.ActiveCfg = Release|Any CPU
		{DCFE2296-DB9F-35C1-316C-E0DC820B7443}.Release|Any CPU.Build.0 = Release|Any CPU
		{A0114961-22EE-7C5A-1D1C-9C3CA20812AA}.Debug|Any CPU.ActiveCfg = Debug|Any CPU
		{A0114961-22EE-7C5A-1D1C-9C3CA20812AA}.Debug|Any CPU.Build.0 = Debug|Any CPU
		{A0114961-22EE-7C5A-1D1C-9C3CA20812AA}.Release|Any CPU.ActiveCfg = Release|Any CPU
		{A0114961-22EE-7C5A-1D1C-9C3CA20812AA}.Release|Any CPU.Build.0 = Release|Any CPU
		{227942EE-1B15-1E05-691F-9E0B0EEC91E9}.Debug|Any CPU.ActiveCfg = Debug|Any CPU
		{227942EE-1B15-1E05-691F-9E0B0EEC91E9}.Debug|Any CPU.Build.0 = Debug|Any CPU
		{227942EE-1B15-1E05-691F-9E0B0EEC91E9}.Release|Any CPU.ActiveCfg = Release|Any CPU
		{227942EE-1B15-1E05-691F-9E0B0EEC91E9}.Release|Any CPU.Build.0 = Release|Any CPU
		{D8E42E10-2E2A-7965-1759-13C2AC8D5303}.Debug|Any CPU.ActiveCfg = Debug|Any CPU
		{D8E42E10-2E2A-7965-1759-13C2AC8D5303}.Debug|Any CPU.Build.0 = Debug|Any CPU
		{D8E42E10-2E2A-7965-1759-13C2AC8D5303}.Release|Any CPU.ActiveCfg = Release|Any CPU
		{D8E42E10-2E2A-7965-1759-13C2AC8D5303}.Release|Any CPU.Build.0 = Release|Any CPU
		{EC4FBC51-D4E5-7677-065E-C7BB01249258}.Debug|Any CPU.ActiveCfg = Debug|Any CPU
		{EC4FBC51-D4E5-7677-065E-C7BB01249258}.Debug|Any CPU.Build.0 = Debug|Any CPU
		{EC4FBC51-D4E5-7677-065E-C7BB01249258}.Release|Any CPU.ActiveCfg = Release|Any CPU
		{EC4FBC51-D4E5-7677-065E-C7BB01249258}.Release|Any CPU.Build.0 = Release|Any CPU
		{9E91D6E9-169C-D2C2-D771-0CF8AB7D0F13}.Debug|Any CPU.ActiveCfg = Debug|Any CPU
		{9E91D6E9-169C-D2C2-D771-0CF8AB7D0F13}.Debug|Any CPU.Build.0 = Debug|Any CPU
		{9E91D6E9-169C-D2C2-D771-0CF8AB7D0F13}.Release|Any CPU.ActiveCfg = Release|Any CPU
		{9E91D6E9-169C-D2C2-D771-0CF8AB7D0F13}.Release|Any CPU.Build.0 = Release|Any CPU
		{1F16038C-5070-FADD-82F2-377615A6047D}.Debug|Any CPU.ActiveCfg = Debug|Any CPU
		{1F16038C-5070-FADD-82F2-377615A6047D}.Debug|Any CPU.Build.0 = Debug|Any CPU
		{1F16038C-5070-FADD-82F2-377615A6047D}.Release|Any CPU.ActiveCfg = Release|Any CPU
		{1F16038C-5070-FADD-82F2-377615A6047D}.Release|Any CPU.Build.0 = Release|Any CPU
		{65223B5A-9D64-A675-BAFC-26F2C85E92EC}.Debug|Any CPU.ActiveCfg = Debug|Any CPU
		{65223B5A-9D64-A675-BAFC-26F2C85E92EC}.Debug|Any CPU.Build.0 = Debug|Any CPU
		{65223B5A-9D64-A675-BAFC-26F2C85E92EC}.Release|Any CPU.ActiveCfg = Release|Any CPU
		{65223B5A-9D64-A675-BAFC-26F2C85E92EC}.Release|Any CPU.Build.0 = Release|Any CPU
		{1AF21CFF-6569-DA13-41C4-D57322A43038}.Debug|Any CPU.ActiveCfg = Debug|Any CPU
		{1AF21CFF-6569-DA13-41C4-D57322A43038}.Debug|Any CPU.Build.0 = Debug|Any CPU
		{1AF21CFF-6569-DA13-41C4-D57322A43038}.Release|Any CPU.ActiveCfg = Release|Any CPU
		{1AF21CFF-6569-DA13-41C4-D57322A43038}.Release|Any CPU.Build.0 = Release|Any CPU
		{4A44DA64-4062-00D6-6939-EBDF968E2962}.Debug|Any CPU.ActiveCfg = Debug|Any CPU
		{4A44DA64-4062-00D6-6939-EBDF968E2962}.Debug|Any CPU.Build.0 = Debug|Any CPU
		{4A44DA64-4062-00D6-6939-EBDF968E2962}.Release|Any CPU.ActiveCfg = Release|Any CPU
		{4A44DA64-4062-00D6-6939-EBDF968E2962}.Release|Any CPU.Build.0 = Release|Any CPU
		{15AD5E2A-A3BD-B7DC-3EFE-D4771B12804D}.Debug|Any CPU.ActiveCfg = Debug|Any CPU
		{15AD5E2A-A3BD-B7DC-3EFE-D4771B12804D}.Debug|Any CPU.Build.0 = Debug|Any CPU
		{15AD5E2A-A3BD-B7DC-3EFE-D4771B12804D}.Release|Any CPU.ActiveCfg = Release|Any CPU
		{15AD5E2A-A3BD-B7DC-3EFE-D4771B12804D}.Release|Any CPU.Build.0 = Release|Any CPU
		{F0995072-E01D-E7B2-F5DF-DB7071A64C4F}.Debug|Any CPU.ActiveCfg = Debug|Any CPU
		{F0995072-E01D-E7B2-F5DF-DB7071A64C4F}.Debug|Any CPU.Build.0 = Debug|Any CPU
		{F0995072-E01D-E7B2-F5DF-DB7071A64C4F}.Release|Any CPU.ActiveCfg = Release|Any CPU
		{F0995072-E01D-E7B2-F5DF-DB7071A64C4F}.Release|Any CPU.Build.0 = Release|Any CPU
		{4DF523F1-C702-75AF-FF6A-6C1D782BC444}.Debug|Any CPU.ActiveCfg = Debug|Any CPU
		{4DF523F1-C702-75AF-FF6A-6C1D782BC444}.Debug|Any CPU.Build.0 = Debug|Any CPU
		{4DF523F1-C702-75AF-FF6A-6C1D782BC444}.Release|Any CPU.ActiveCfg = Release|Any CPU
		{4DF523F1-C702-75AF-FF6A-6C1D782BC444}.Release|Any CPU.Build.0 = Release|Any CPU
		{DFDA036A-E5A1-3415-4BDE-4B720E22A0B8}.Debug|Any CPU.ActiveCfg = Debug|Any CPU
		{DFDA036A-E5A1-3415-4BDE-4B720E22A0B8}.Debug|Any CPU.Build.0 = Debug|Any CPU
		{DFDA036A-E5A1-3415-4BDE-4B720E22A0B8}.Release|Any CPU.ActiveCfg = Release|Any CPU
		{DFDA036A-E5A1-3415-4BDE-4B720E22A0B8}.Release|Any CPU.Build.0 = Release|Any CPU
		{D0D38358-027A-B430-84A4-C9C529B9AF64}.Debug|Any CPU.ActiveCfg = Debug|Any CPU
		{D0D38358-027A-B430-84A4-C9C529B9AF64}.Debug|Any CPU.Build.0 = Debug|Any CPU
		{D0D38358-027A-B430-84A4-C9C529B9AF64}.Release|Any CPU.ActiveCfg = Release|Any CPU
		{D0D38358-027A-B430-84A4-C9C529B9AF64}.Release|Any CPU.Build.0 = Release|Any CPU
		{913FF94C-48F5-43F0-7557-5FB1E0C56A04}.Debug|Any CPU.ActiveCfg = Debug|Any CPU
		{913FF94C-48F5-43F0-7557-5FB1E0C56A04}.Debug|Any CPU.Build.0 = Debug|Any CPU
		{913FF94C-48F5-43F0-7557-5FB1E0C56A04}.Release|Any CPU.ActiveCfg = Release|Any CPU
		{913FF94C-48F5-43F0-7557-5FB1E0C56A04}.Release|Any CPU.Build.0 = Release|Any CPU
		{8B6C2A71-5907-F48A-E092-3F01A41B3236}.Debug|Any CPU.ActiveCfg = Debug|Any CPU
		{8B6C2A71-5907-F48A-E092-3F01A41B3236}.Debug|Any CPU.Build.0 = Debug|Any CPU
		{8B6C2A71-5907-F48A-E092-3F01A41B3236}.Release|Any CPU.ActiveCfg = Release|Any CPU
		{8B6C2A71-5907-F48A-E092-3F01A41B3236}.Release|Any CPU.Build.0 = Release|Any CPU
		{6936EB11-1DAE-4F5E-9AB9-ACD812A797EC}.Debug|Any CPU.ActiveCfg = Debug|Any CPU
		{6936EB11-1DAE-4F5E-9AB9-ACD812A797EC}.Debug|Any CPU.Build.0 = Debug|Any CPU
		{6936EB11-1DAE-4F5E-9AB9-ACD812A797EC}.Release|Any CPU.ActiveCfg = Release|Any CPU
		{6936EB11-1DAE-4F5E-9AB9-ACD812A797EC}.Release|Any CPU.Build.0 = Release|Any CPU
		{E0560FA3-E11D-2E28-0EAA-56F13EE6A6A6}.Debug|Any CPU.ActiveCfg = Debug|Any CPU
		{E0560FA3-E11D-2E28-0EAA-56F13EE6A6A6}.Debug|Any CPU.Build.0 = Debug|Any CPU
		{E0560FA3-E11D-2E28-0EAA-56F13EE6A6A6}.Release|Any CPU.ActiveCfg = Release|Any CPU
		{E0560FA3-E11D-2E28-0EAA-56F13EE6A6A6}.Release|Any CPU.Build.0 = Release|Any CPU
		{D727FE20-A34C-378F-7034-6CECF4D143D5}.Debug|Any CPU.ActiveCfg = Debug|Any CPU
		{D727FE20-A34C-378F-7034-6CECF4D143D5}.Debug|Any CPU.Build.0 = Debug|Any CPU
		{D727FE20-A34C-378F-7034-6CECF4D143D5}.Release|Any CPU.ActiveCfg = Release|Any CPU
		{D727FE20-A34C-378F-7034-6CECF4D143D5}.Release|Any CPU.Build.0 = Release|Any CPU
		{CD35C987-58F3-F4BA-FA35-6ED1E1A57207}.Debug|Any CPU.ActiveCfg = Debug|Any CPU
		{CD35C987-58F3-F4BA-FA35-6ED1E1A57207}.Debug|Any CPU.Build.0 = Debug|Any CPU
		{CD35C987-58F3-F4BA-FA35-6ED1E1A57207}.Release|Any CPU.ActiveCfg = Release|Any CPU
		{CD35C987-58F3-F4BA-FA35-6ED1E1A57207}.Release|Any CPU.Build.0 = Release|Any CPU
		{C65BF302-245D-20E1-0A55-C4CC3E82EAB7}.Debug|Any CPU.ActiveCfg = Debug|Any CPU
		{C65BF302-245D-20E1-0A55-C4CC3E82EAB7}.Debug|Any CPU.Build.0 = Debug|Any CPU
		{C65BF302-245D-20E1-0A55-C4CC3E82EAB7}.Release|Any CPU.ActiveCfg = Release|Any CPU
		{C65BF302-245D-20E1-0A55-C4CC3E82EAB7}.Release|Any CPU.Build.0 = Release|Any CPU
		{28635C5C-B0C0-1F81-A8AA-116612854ACD}.Debug|Any CPU.ActiveCfg = Debug|Any CPU
		{28635C5C-B0C0-1F81-A8AA-116612854ACD}.Debug|Any CPU.Build.0 = Debug|Any CPU
		{28635C5C-B0C0-1F81-A8AA-116612854ACD}.Release|Any CPU.ActiveCfg = Release|Any CPU
		{28635C5C-B0C0-1F81-A8AA-116612854ACD}.Release|Any CPU.Build.0 = Release|Any CPU
		{8A9779E8-3D07-D7C4-03DE-1EFC794D2B0C}.Debug|Any CPU.ActiveCfg = Debug|Any CPU
		{8A9779E8-3D07-D7C4-03DE-1EFC794D2B0C}.Debug|Any CPU.Build.0 = Debug|Any CPU
		{8A9779E8-3D07-D7C4-03DE-1EFC794D2B0C}.Release|Any CPU.ActiveCfg = Release|Any CPU
		{8A9779E8-3D07-D7C4-03DE-1EFC794D2B0C}.Release|Any CPU.Build.0 = Release|Any CPU
		{A09483AA-1C9C-CA15-B64E-FCEA6AE28137}.Debug|Any CPU.ActiveCfg = Debug|Any CPU
		{A09483AA-1C9C-CA15-B64E-FCEA6AE28137}.Debug|Any CPU.Build.0 = Debug|Any CPU
		{A09483AA-1C9C-CA15-B64E-FCEA6AE28137}.Release|Any CPU.ActiveCfg = Release|Any CPU
		{A09483AA-1C9C-CA15-B64E-FCEA6AE28137}.Release|Any CPU.Build.0 = Release|Any CPU
		{CE0610AD-4E15-41AE-296E-A8109697611C}.Debug|Any CPU.ActiveCfg = Debug|Any CPU
		{CE0610AD-4E15-41AE-296E-A8109697611C}.Debug|Any CPU.Build.0 = Debug|Any CPU
		{CE0610AD-4E15-41AE-296E-A8109697611C}.Release|Any CPU.ActiveCfg = Release|Any CPU
		{CE0610AD-4E15-41AE-296E-A8109697611C}.Release|Any CPU.Build.0 = Release|Any CPU
		{2BB3123E-D0DE-D572-2982-76BB94ED60D4}.Debug|Any CPU.ActiveCfg = Debug|Any CPU
		{2BB3123E-D0DE-D572-2982-76BB94ED60D4}.Debug|Any CPU.Build.0 = Debug|Any CPU
		{2BB3123E-D0DE-D572-2982-76BB94ED60D4}.Release|Any CPU.ActiveCfg = Release|Any CPU
		{2BB3123E-D0DE-D572-2982-76BB94ED60D4}.Release|Any CPU.Build.0 = Release|Any CPU
		{2F60993D-D2CF-BD34-80A1-E19908D5DADF}.Debug|Any CPU.ActiveCfg = Debug|Any CPU
		{2F60993D-D2CF-BD34-80A1-E19908D5DADF}.Debug|Any CPU.Build.0 = Debug|Any CPU
		{2F60993D-D2CF-BD34-80A1-E19908D5DADF}.Release|Any CPU.ActiveCfg = Release|Any CPU
		{2F60993D-D2CF-BD34-80A1-E19908D5DADF}.Release|Any CPU.Build.0 = Release|Any CPU
		{6DCDA481-6075-C758-619C-926B85959FBD}.Debug|Any CPU.ActiveCfg = Debug|Any CPU
		{6DCDA481-6075-C758-619C-926B85959FBD}.Debug|Any CPU.Build.0 = Debug|Any CPU
		{6DCDA481-6075-C758-619C-926B85959FBD}.Release|Any CPU.ActiveCfg = Release|Any CPU
		{6DCDA481-6075-C758-619C-926B85959FBD}.Release|Any CPU.Build.0 = Release|Any CPU
		{E178F720-E002-9828-E98A-68BFC6F0DED2}.Debug|Any CPU.ActiveCfg = Debug|Any CPU
		{E178F720-E002-9828-E98A-68BFC6F0DED2}.Debug|Any CPU.Build.0 = Debug|Any CPU
		{E178F720-E002-9828-E98A-68BFC6F0DED2}.Release|Any CPU.ActiveCfg = Release|Any CPU
		{E178F720-E002-9828-E98A-68BFC6F0DED2}.Release|Any CPU.Build.0 = Release|Any CPU
		{2CBA7928-1AD0-6300-2F8F-5C820F862F1E}.Debug|Any CPU.ActiveCfg = Debug|Any CPU
		{2CBA7928-1AD0-6300-2F8F-5C820F862F1E}.Debug|Any CPU.Build.0 = Debug|Any CPU
		{2CBA7928-1AD0-6300-2F8F-5C820F862F1E}.Release|Any CPU.ActiveCfg = Release|Any CPU
		{2CBA7928-1AD0-6300-2F8F-5C820F862F1E}.Release|Any CPU.Build.0 = Release|Any CPU
		{A174ED0E-861E-7CCC-207E-CE05272BA17D}.Debug|Any CPU.ActiveCfg = Debug|Any CPU
		{A174ED0E-861E-7CCC-207E-CE05272BA17D}.Debug|Any CPU.Build.0 = Debug|Any CPU
		{A174ED0E-861E-7CCC-207E-CE05272BA17D}.Release|Any CPU.ActiveCfg = Release|Any CPU
		{A174ED0E-861E-7CCC-207E-CE05272BA17D}.Release|Any CPU.Build.0 = Release|Any CPU
		{796A7CAE-92EF-107F-8878-7EC11419C17B}.Debug|Any CPU.ActiveCfg = Debug|Any CPU
		{796A7CAE-92EF-107F-8878-7EC11419C17B}.Debug|Any CPU.Build.0 = Debug|Any CPU
		{796A7CAE-92EF-107F-8878-7EC11419C17B}.Release|Any CPU.ActiveCfg = Release|Any CPU
		{796A7CAE-92EF-107F-8878-7EC11419C17B}.Release|Any CPU.Build.0 = Release|Any CPU
		{DB4278EA-241C-64FE-47F9-EFE250BF0C0D}.Debug|Any CPU.ActiveCfg = Debug|Any CPU
		{DB4278EA-241C-64FE-47F9-EFE250BF0C0D}.Debug|Any CPU.Build.0 = Debug|Any CPU
		{DB4278EA-241C-64FE-47F9-EFE250BF0C0D}.Release|Any CPU.ActiveCfg = Release|Any CPU
		{DB4278EA-241C-64FE-47F9-EFE250BF0C0D}.Release|Any CPU.Build.0 = Release|Any CPU
		{34E9A11B-56ED-5161-11AE-7661858E1E45}.Debug|Any CPU.ActiveCfg = Debug|Any CPU
		{34E9A11B-56ED-5161-11AE-7661858E1E45}.Debug|Any CPU.Build.0 = Debug|Any CPU
		{34E9A11B-56ED-5161-11AE-7661858E1E45}.Release|Any CPU.ActiveCfg = Release|Any CPU
		{34E9A11B-56ED-5161-11AE-7661858E1E45}.Release|Any CPU.Build.0 = Release|Any CPU
		{0308D1D3-4F71-87D6-1E75-CA0220FB22DC}.Debug|Any CPU.ActiveCfg = Debug|Any CPU
		{0308D1D3-4F71-87D6-1E75-CA0220FB22DC}.Debug|Any CPU.Build.0 = Debug|Any CPU
		{0308D1D3-4F71-87D6-1E75-CA0220FB22DC}.Release|Any CPU.ActiveCfg = Release|Any CPU
		{0308D1D3-4F71-87D6-1E75-CA0220FB22DC}.Release|Any CPU.Build.0 = Release|Any CPU
		{D7C98BBC-A7F2-20CE-B241-4A420AA6F7C3}.Debug|Any CPU.ActiveCfg = Debug|Any CPU
		{D7C98BBC-A7F2-20CE-B241-4A420AA6F7C3}.Debug|Any CPU.Build.0 = Debug|Any CPU
		{D7C98BBC-A7F2-20CE-B241-4A420AA6F7C3}.Release|Any CPU.ActiveCfg = Release|Any CPU
		{D7C98BBC-A7F2-20CE-B241-4A420AA6F7C3}.Release|Any CPU.Build.0 = Release|Any CPU
	EndGlobalSection
	GlobalSection(SolutionProperties) = preSolution
		HideSolutionNode = FALSE
	EndGlobalSection
EndGlobal
